Microsoft Visual Studio Solution File, Format Version 12.00
# Visual Studio Version 17
VisualStudioVersion = 17.0.31903.59
MinimumVisualStudioVersion = 10.0.40219.1
Project("{FAE04EC0-301F-11D3-BF4B-00C04F79EFBC}") = "Beacon.Contracts", "src\Beacon.Contracts\Beacon.Contracts.csproj", "{A1111111-1111-4111-8111-111111111111}"
EndProject
Project("{FAE04EC0-301F-11D3-BF4B-00C04F79EFBC}") = "Beacon.PluginHost", "src\Beacon.PluginHost\Beacon.PluginHost.csproj", "{B2222222-2222-4222-8222-222222222222}"
EndProject
Project("{FAE04EC0-301F-11D3-BF4B-00C04F79EFBC}") = "Beacon.WinUI", "src\Beacon.WinUI\Beacon.WinUI.csproj", "{C3333333-3333-4333-8333-333333333333}"
EndProject
Project("{FAE04EC0-301F-11D3-BF4B-00C04F79EFBC}") = "Beacon.R1.Tests", "tests\Beacon.R1.Tests\Beacon.R1.Tests.csproj", "{D4444444-4444-4444-8444-444444444444}"
EndProject
Project("{2150E333-8FDC-42A3-9474-1A3956D46DE8}") = "Beacon.Distribution", "Beacon.Distribution", "{E5555555-5555-4555-8555-555555555555}"
	ProjectSection(SolutionItems) = preProject
		src\Beacon.Distribution\Build-Portable.ps1 = src\Beacon.Distribution\Build-Portable.ps1
		src\Beacon.Distribution\Test-Portable.ps1 = src\Beacon.Distribution\Test-Portable.ps1
		src\Beacon.Distribution\Test-NoUiReferences.ps1 = src\Beacon.Distribution\Test-NoUiReferences.ps1
	EndProjectSection
EndProject
Project("{FAE04EC0-301F-11D3-BF4B-00C04F79EFBC}") = "Beacon.Core", "src\Beacon.Core\Beacon.Core.csproj", "{3EE0F8CC-1D4B-477E-BB7B-865F67665057}"
EndProject
Project("{FAE04EC0-301F-11D3-BF4B-00C04F79EFBC}") = "Beacon.Core.Tests", "tests\Beacon.Core.Tests\Beacon.Core.Tests.csproj", "{E9D15AF7-8B56-4FD8-95B9-E48889A31DC0}"
EndProject
Global
	GlobalSection(SolutionConfigurationPlatforms) = preSolution
		Debug|Any CPU = Debug|Any CPU
		Release|Any CPU = Release|Any CPU
	EndGlobalSection
	GlobalSection(ProjectConfigurationPlatforms) = postSolution
		{A1111111-1111-4111-8111-111111111111}.Debug|Any CPU.ActiveCfg = Debug|Any CPU
		{A1111111-1111-4111-8111-111111111111}.Debug|Any CPU.Build.0 = Debug|Any CPU
		{A1111111-1111-4111-8111-111111111111}.Release|Any CPU.ActiveCfg = Release|Any CPU
		{A1111111-1111-4111-8111-111111111111}.Release|Any CPU.Build.0 = Release|Any CPU
		{B2222222-2222-4222-8222-222222222222}.Debug|Any CPU.ActiveCfg = Debug|Any CPU
		{B2222222-2222-4222-8222-222222222222}.Debug|Any CPU.Build.0 = Debug|Any CPU
		{B2222222-2222-4222-8222-222222222222}.Release|Any CPU.ActiveCfg = Release|Any CPU
		{B2222222-2222-4222-8222-222222222222}.Release|Any CPU.Build.0 = Release|Any CPU
		{C3333333-3333-4333-8333-333333333333}.Debug|Any CPU.ActiveCfg = Debug|x64
		{C3333333-3333-4333-8333-333333333333}.Debug|Any CPU.Build.0 = Debug|x64
		{C3333333-3333-4333-8333-333333333333}.Release|Any CPU.ActiveCfg = Release|x64
		{C3333333-3333-4333-8333-333333333333}.Release|Any CPU.Build.0 = Release|x64
		{D4444444-4444-4444-8444-444444444444}.Debug|Any CPU.ActiveCfg = Debug|Any CPU
		{D4444444-4444-4444-8444-444444444444}.Debug|Any CPU.Build.0 = Debug|Any CPU
		{D4444444-4444-4444-8444-444444444444}.Release|Any CPU.ActiveCfg = Release|Any CPU
		{D4444444-4444-4444-8444-444444444444}.Release|Any CPU.Build.0 = Release|Any CPU
		{3EE0F8CC-1D4B-477E-BB7B-865F67665057}.Debug|Any CPU.ActiveCfg = Debug|Any CPU
		{3EE0F8CC-1D4B-477E-BB7B-865F67665057}.Debug|Any CPU.Build.0 = Debug|Any CPU
		{3EE0F8CC-1D4B-477E-BB7B-865F67665057}.Release|Any CPU.ActiveCfg = Release|Any CPU
		{3EE0F8CC-1D4B-477E-BB7B-865F67665057}.Release|Any CPU.Build.0 = Release|Any CPU
		{E9D15AF7-8B56-4FD8-95B9-E48889A31DC0}.Debug|Any CPU.ActiveCfg = Debug|Any CPU
		{E9D15AF7-8B56-4FD8-95B9-E48889A31DC0}.Debug|Any CPU.Build.0 = Debug|Any CPU
		{E9D15AF7-8B56-4FD8-95B9-E48889A31DC0}.Release|Any CPU.ActiveCfg = Release|Any CPU
		{E9D15AF7-8B56-4FD8-95B9-E48889A31DC0}.Release|Any CPU.Build.0 = Release|Any CPU
	EndGlobalSection
EndGlobal
